
Microsoft Visual Studio Solution File, Format Version 12.00
# Visual Studio Version 16
VisualStudioVersion = 16.0.32602.291
MinimumVisualStudioVersion = 10.0.40219.1
Project("{FAE04EC0-301F-11D3-BF4B-00C04F79EFBC}") = "Gestion de Stock", "Gestion de Stock.csproj", "{C531BC92-9C21-4D11-8C76-DAD1DB3A5E37}"
EndProject
Project("{54435603-DBB4-11D2-8724-00A0C9A8B90C}") = "Gestion de Stock Demo App", "..\Gestion de Stock Demo App\Gestion de Stock Demo App.vdproj", "{6613FEF5-A34A-43EC-AE3E-F387A5B6B276}"
EndProject
Global
	GlobalSection(SolutionConfigurationPlatforms) = preSolution
		Debug|Any CPU = Debug|Any CPU
		Release|Any CPU = Release|Any CPU
	EndGlobalSection
	GlobalSection(ProjectConfigurationPlatforms) = postSolution
		{C531BC92-9C21-4D11-8C76-DAD1DB3A5E37}.Debug|Any CPU.ActiveCfg = Debug|Any CPU
		{C531BC92-9C21-4D11-8C76-DAD1DB3A5E37}.Debug|Any CPU.Build.0 = Debug|Any CPU
		{C531BC92-9C21-4D11-8C76-DAD1DB3A5E37}.Release|Any CPU.ActiveCfg = Release|Any CPU
		{C531BC92-9C21-4D11-8C76-DAD1DB3A5E37}.Release|Any CPU.Build.0 = Release|Any CPU
		{6613FEF5-A34A-43EC-AE3E-F387A5B6B276}.Debug|Any CPU.ActiveCfg = Debug
		{6613FEF5-A34A-43EC-AE3E-F387A5B6B276}.Release|Any CPU.ActiveCfg = Release
	EndGlobalSection
	GlobalSection(SolutionProperties) = preSolution
		HideSolutionNode = FALSE
	EndGlobalSection
	GlobalSection(ExtensibilityGlobals) = postSolution
		SolutionGuid = {2931CFE6-D971-4181-83C6-3E738D376F7E}
	EndGlobalSection
EndGlobal
